
Microsoft Visual Studio Solution File, Format Version 12.00
# Visual Studio Version 17
VisualStudioVersion = 17.9.34526.213
MinimumVisualStudioVersion = 10.0.40219.1
Project("{FAE04EC0-301F-11D3-BF4B-00C04F79EFBC}") = "SuperDbApp", "SuperDbApp\SuperDbApp.csproj", "{B096444F-E446-41A8-9960-041E96B0B446}"
EndProject
Global
	GlobalSection(SolutionConfigurationPlatforms) = preSolution
		Debug|Any CPU = Debug|Any CPU
		Release|Any CPU = Release|Any CPU
	EndGlobalSection
	GlobalSection(ProjectConfigurationPlatforms) = postSolution
		{B096444F-E446-41A8-9960-041E96B0B446}.Debug|Any CPU.ActiveCfg = Debug|Any CPU
		{B096444F-E446-41A8-9960-041E96B0B446}.Debug|Any CPU.Build.0 = Debug|Any CPU
		{B096444F-E446-41A8-9960-041E96B0B446}.Release|Any CPU.ActiveCfg = Release|Any CPU
		{B096444F-E446-41A8-9960-041E96B0B446}.Release|Any CPU.Build.0 = Release|Any CPU
	EndGlobalSection
	GlobalSection(SolutionProperties) = preSolution
		HideSolutionNode = FALSE
	EndGlobalSection
	GlobalSection(ExtensibilityGlobals) = postSolution
		SolutionGuid = {9FA60F43-06ED-471E-95DC-8CD4979484DF}
	EndGlobalSection
EndGlobal
