
Microsoft Visual Studio Solution File, Format Version 12.00
# Visual Studio Version 17
VisualStudioVersion = 17.9.34526.213
MinimumVisualStudioVersion = 10.0.40219.1
Project("{FAE04EC0-301F-11D3-BF4B-00C04F79EFBC}") = "HalloEfCore_CodeFirst", "HalloEfCore_CodeFirst\HalloEfCore_CodeFirst.csproj", "{71F96C49-2C56-4A00-B5F6-F6D1F1A06DFD}"
EndProject
Global
	GlobalSection(SolutionConfigurationPlatforms) = preSolution
		Debug|Any CPU = Debug|Any CPU
		Release|Any CPU = Release|Any CPU
	EndGlobalSection
	GlobalSection(ProjectConfigurationPlatforms) = postSolution
		{71F96C49-2C56-4A00-B5F6-F6D1F1A06DFD}.Debug|Any CPU.ActiveCfg = Debug|Any CPU
		{71F96C49-2C56-4A00-B5F6-F6D1F1A06DFD}.Debug|Any CPU.Build.0 = Debug|Any CPU
		{71F96C49-2C56-4A00-B5F6-F6D1F1A06DFD}.Release|Any CPU.ActiveCfg = Release|Any CPU
		{71F96C49-2C56-4A00-B5F6-F6D1F1A06DFD}.Release|Any CPU.Build.0 = Release|Any CPU
	EndGlobalSection
	GlobalSection(SolutionProperties) = preSolution
		HideSolutionNode = FALSE
	EndGlobalSection
	GlobalSection(ExtensibilityGlobals) = postSolution
		SolutionGuid = {09EC5BEF-7EB9-47F4-9B7A-FDB191191973}
	EndGlobalSection
EndGlobal
