
Microsoft Visual Studio Solution File, Format Version 12.00
# Visual Studio Version 17
VisualStudioVersion = 17.9.34526.213
MinimumVisualStudioVersion = 10.0.40219.1
Project("{FAE04EC0-301F-11D3-BF4B-00C04F79EFBC}") = "HalloLinq", "HalloLinq\HalloLinq.csproj", "{0425027B-62EC-4A6A-99C6-F94847E1F0B9}"
EndProject
Global
	GlobalSection(SolutionConfigurationPlatforms) = preSolution
		Debug|Any CPU = Debug|Any CPU
		Release|Any CPU = Release|Any CPU
	EndGlobalSection
	GlobalSection(ProjectConfigurationPlatforms) = postSolution
		{0425027B-62EC-4A6A-99C6-F94847E1F0B9}.Debug|Any CPU.ActiveCfg = Debug|Any CPU
		{0425027B-62EC-4A6A-99C6-F94847E1F0B9}.Debug|Any CPU.Build.0 = Debug|Any CPU
		{0425027B-62EC-4A6A-99C6-F94847E1F0B9}.Release|Any CPU.ActiveCfg = Release|Any CPU
		{0425027B-62EC-4A6A-99C6-F94847E1F0B9}.Release|Any CPU.Build.0 = Release|Any CPU
	EndGlobalSection
	GlobalSection(SolutionProperties) = preSolution
		HideSolutionNode = FALSE
	EndGlobalSection
	GlobalSection(ExtensibilityGlobals) = postSolution
		SolutionGuid = {F1D762DF-62D9-4D1A-8F5A-7604F310316D}
	EndGlobalSection
EndGlobal
